{
  "version": 4,
  "terraform_version": "1.14.5",
  "serial": 13,
  "lineage": "584fe42e-3bc5-1d60-ab50-511c1ec0e677",
  "outputs": {
    "lab10_ubuntu_24_ext_ip_address": {
      "value": "ip=192.168.70.101/24,gw=192.168.70.1",
      "type": "string"
    }
  },
  "resources": [
    {
      "mode": "managed",
      "type": "proxmox_vm_qemu",
      "name": "lab10_ubuntu_24",
      "provider": "provider[\"registry.terraform.io/telmate/proxmox\"]",
      "instances": [
        {
          "schema_version": 0,
          "attributes": {
            "additional_wait": 5,
            "agent": 0,
            "agent_timeout": 90,
            "args": "",
            "automatic_reboot": true,
            "automatic_reboot_severity": "error",
            "balloon": 0,
            "bios": "seabios",
            "boot": "order=virtio0",
            "bootdisk": "",
            "ci_wait": null,
            "cicustom": null,
            "cipassword": "",
            "ciupgrade": false,
            "ciuser": "deploy",
            "clone": "Ubuntu2404-live-server",
            "clone_id": null,
            "clone_wait": 10,
            "cores": 0,
            "cpu": [
              {
                "affinity": "",
                "cores": 2,
                "flags": [],
                "limit": 0,
                "numa": false,
                "sockets": 1,
                "type": "host",
                "units": 0,
                "vcores": 0
              }
            ],
            "cpu_type": "",
            "current_node": "proxmox",
            "default_ipv4_address": "192.168.70.101",
            "default_ipv6_address": "",
            "define_connection_info": true,
            "desc": null,
            "description": "lab10_ubuntu_24",
            "disk": [],
            "disks": [
              {
                "ide": [
                  {
                    "ide0": [],
                    "ide1": [],
                    "ide2": [],
                    "ide3": [
                      {
                        "cdrom": [],
                        "cloudinit": [
                          {
                            "storage": "vmdata2"
                          }
                        ],
                        "disk": [],
                        "ignore": false,
                        "passthrough": []
                      }
                    ]
                  }
                ],
                "sata": [],
                "scsi": [],
                "virtio": [
                  {
                    "virtio0": [
                      {
                        "cdrom": [],
                        "disk": [
                          {
                            "asyncio": "",
                            "backup": true,
                            "cache": "",
                            "discard": false,
                            "format": "raw",
                            "id": 0,
                            "iops_r_burst": 0,
                            "iops_r_burst_length": 0,
                            "iops_r_concurrent": 0,
                            "iops_wr_burst": 0,
                            "iops_wr_burst_length": 0,
                            "iops_wr_concurrent": 0,
                            "iothread": false,
                            "linked_disk_id": -1,
                            "mbps_r_burst": 0,
                            "mbps_r_concurrent": 0,
                            "mbps_wr_burst": 0,
                            "mbps_wr_concurrent": 0,
                            "readonly": false,
                            "replicate": true,
                            "serial": "",
                            "size": "12G",
                            "storage": "vmdata2",
                            "wwn": ""
                          }
                        ],
                        "ignore": false,
                        "passthrough": []
                      }
                    ],
                    "virtio1": [],
                    "virtio10": [],
                    "virtio11": [],
                    "virtio12": [],
                    "virtio13": [],
                    "virtio14": [],
                    "virtio15": [],
                    "virtio2": [],
                    "virtio3": [],
                    "virtio4": [],
                    "virtio5": [],
                    "virtio6": [],
                    "virtio7": [],
                    "virtio8": [],
                    "virtio9": []
                  }
                ]
              }
            ],
            "efidisk": [],
            "force_create": false,
            "force_recreate_on_change_of": null,
            "full_clone": true,
            "hagroup": "",
            "hastate": "",
            "hostpci": [],
            "hotplug": "network,disk,usb",
            "id": "proxmox/qemu/124",
            "ipconfig0": "ip=192.168.70.101/24,gw=192.168.70.1",
            "ipconfig1": null,
            "ipconfig10": null,
            "ipconfig11": null,
            "ipconfig12": null,
            "ipconfig13": null,
            "ipconfig14": null,
            "ipconfig15": null,
            "ipconfig2": null,
            "ipconfig3": null,
            "ipconfig4": null,
            "ipconfig5": null,
            "ipconfig6": null,
            "ipconfig7": null,
            "ipconfig8": null,
            "ipconfig9": null,
            "kvm": true,
            "linked_vmid": 0,
            "machine": "",
            "memory": 2048,
            "name": "lab10-ubuntu-24",
            "nameserver": "8.8.8.8",
            "network": [
              {
                "bridge": "vmbr0",
                "firewall": false,
                "id": 0,
                "link_down": false,
                "macaddr": "bc:24:11:54:d8:e2",
                "model": "virtio",
                "mtu": 0,
                "queues": 0,
                "rate": 0,
                "tag": 0
              }
            ],
            "numa": false,
            "onboot": null,
            "os_network_config": null,
            "os_type": "cloud-init",
            "pci": [],
            "pcis": [],
            "pool": "",
            "protection": false,
            "pxe": null,
            "qemu_os": "l26",
            "reboot_required": false,
            "rng": [],
            "scsihw": "virtio-scsi-single",
            "searchdomain": "",
            "serial": [],
            "skip_ipv4": false,
            "skip_ipv6": false,
            "smbios": [
              {
                "family": "",
                "manufacturer": "",
                "product": "",
                "serial": "",
                "sku": "",
                "uuid": "1ece5e56-9e94-41e2-a150-07716b79355b",
                "version": ""
              }
            ],
            "sockets": 0,
            "ssh_forward_ip": null,
            "ssh_host": "192.168.70.101",
            "ssh_port": "22",
            "ssh_private_key": null,
            "ssh_user": null,
            "sshkeys": "ssh-ed25519 AAAAC3NzaC1lZDI1NTE5AAAAIEwOGqPyDBruydkg1DPItwaBBwo5/5gAaBYeshgNFmlS maksim@maksim-asus-tuf\n",
            "start_at_node_boot": false,
            "startup": null,
            "startup_shutdown": [
              {
                "order": -1,
                "shutdown_timeout": -1,
                "startup_delay": -1
              }
            ],
            "tablet": true,
            "tags": "",
            "target_node": "proxmox",
            "target_nodes": null,
            "timeouts": null,
            "tpm_state": [],
            "unused_disk": [],
            "usb": [],
            "usbs": [],
            "vcpus": 0,
            "vga": [],
            "vm_state": "running",
            "vmid": 124
          },
          "sensitive_attributes": [
            [
              {
                "type": "get_attr",
                "value": "cipassword"
              }
            ],
            [
              {
                "type": "get_attr",
                "value": "ssh_private_key"
              }
            ]
          ],
          "identity_schema_version": 0,
          "private": "eyJlMmJmYjczMC1lY2FhLTExZTYtOGY4OC0zNDM2M2JjN2M0YzAiOnsiY3JlYXRlIjoxMjAwMDAwMDAwMDAwLCJkZWZhdWx0IjoxMjAwMDAwMDAwMDAwLCJkZWxldGUiOjEyMDAwMDAwMDAwMDAsInJlYWQiOjEyMDAwMDAwMDAwMDAsInVwZGF0ZSI6MTIwMDAwMDAwMDAwMH19"
        }
      ]
    }
  ],
  "check_results": null
}
