{
  "version": 4,
  "terraform_version": "1.14.5",
  "serial": 19,
  "lineage": "a5942456-7e65-7c14-18e3-c0e914c393fc",
  "outputs": {
    "Node-ha1_cluster_ip_address": {
      "value": "ip=10.10.70.70/24",
      "type": "string"
    },
    "Node-ha1_ext_ip_address": {
      "value": "ip=192.168.70.70/24,gw=192.168.70.1",
      "type": "string"
    },
    "Node-ha1_keepalived_ip_address": {
      "value": "ip=10.10.60.70/24",
      "type": "string"
    },
    "Node-ha2_cluster_ip_address": {
      "value": "ip=10.10.70.71/24",
      "type": "string"
    },
    "Node-ha2_ext_ip_address": {
      "value": "ip=192.168.70.71/24,gw=192.168.70.1",
      "type": "string"
    },
    "Node-ha2_keepalived_ip_address": {
      "value": "ip=10.10.60.71/24",
      "type": "string"
    },
    "Node-pg1_cluster_ip_address": {
      "value": "ip=10.10.70.72/24",
      "type": "string"
    },
    "Node-pg1_ext_ip_address": {
      "value": "ip=192.168.70.72/24,gw=192.168.70.1",
      "type": "string"
    },
    "Node-pg2_cluster_ip_address": {
      "value": "ip=10.10.70.73/24",
      "type": "string"
    },
    "Node-pg2_ext_ip_address": {
      "value": "ip=192.168.70.73/24,gw=192.168.70.1",
      "type": "string"
    },
    "Node-pg3_cluster_ip_address": {
      "value": "ip=10.10.70.74/24",
      "type": "string"
    },
    "Node-pg3_ext_ip_address": {
      "value": "ip=192.168.70.74/24,gw=192.168.70.1",
      "type": "string"
    }
  },
  "resources": [
    {
      "mode": "managed",
      "type": "proxmox_vm_qemu",
      "name": "lab06-ha-node1",
      "provider": "provider[\"registry.terraform.io/telmate/proxmox\"]",
      "instances": [
        {
          "schema_version": 0,
          "attributes": {
            "additional_wait": 5,
            "agent": 0,
            "agent_timeout": 90,
            "args": "",
            "automatic_reboot": true,
            "automatic_reboot_severity": "error",
            "balloon": 0,
            "bios": "seabios",
            "boot": "order=virtio0",
            "bootdisk": "",
            "ci_wait": null,
            "cicustom": null,
            "cipassword": "",
            "ciupgrade": false,
            "ciuser": "deploy",
            "clone": "Ubuntu2404-Template",
            "clone_id": null,
            "clone_wait": 10,
            "cores": 0,
            "cpu": [
              {
                "affinity": "",
                "cores": 2,
                "flags": [],
                "limit": 0,
                "numa": false,
                "sockets": 1,
                "type": "host",
                "units": 0,
                "vcores": 0
              }
            ],
            "cpu_type": "",
            "current_node": "proxmox",
            "default_ipv4_address": "192.168.70.70",
            "default_ipv6_address": "",
            "define_connection_info": true,
            "desc": null,
            "description": "lab06-ha-node1",
            "disk": [],
            "disks": [
              {
                "ide": [
                  {
                    "ide0": [],
                    "ide1": [],
                    "ide2": [],
                    "ide3": [
                      {
                        "cdrom": [],
                        "cloudinit": [
                          {
                            "storage": "vmdata2"
                          }
                        ],
                        "disk": [],
                        "ignore": false,
                        "passthrough": []
                      }
                    ]
                  }
                ],
                "sata": [],
                "scsi": [],
                "virtio": [
                  {
                    "virtio0": [
                      {
                        "cdrom": [],
                        "disk": [
                          {
                            "asyncio": "",
                            "backup": true,
                            "cache": "",
                            "discard": false,
                            "format": "raw",
                            "id": 0,
                            "iops_r_burst": 0,
                            "iops_r_burst_length": 0,
                            "iops_r_concurrent": 0,
                            "iops_wr_burst": 0,
                            "iops_wr_burst_length": 0,
                            "iops_wr_concurrent": 0,
                            "iothread": false,
                            "linked_disk_id": -1,
                            "mbps_r_burst": 0,
                            "mbps_r_concurrent": 0,
                            "mbps_wr_burst": 0,
                            "mbps_wr_concurrent": 0,
                            "readonly": false,
                            "replicate": true,
                            "serial": "",
                            "size": "10G",
                            "storage": "vmdata2",
                            "wwn": ""
                          }
                        ],
                        "ignore": false,
                        "passthrough": []
                      }
                    ],
                    "virtio1": [],
                    "virtio10": [],
                    "virtio11": [],
                    "virtio12": [],
                    "virtio13": [],
                    "virtio14": [],
                    "virtio15": [],
                    "virtio2": [],
                    "virtio3": [],
                    "virtio4": [],
                    "virtio5": [],
                    "virtio6": [],
                    "virtio7": [],
                    "virtio8": [],
                    "virtio9": []
                  }
                ]
              }
            ],
            "efidisk": [],
            "force_create": false,
            "force_recreate_on_change_of": null,
            "full_clone": true,
            "hagroup": "",
            "hastate": "",
            "hostpci": [],
            "hotplug": "network,disk,usb",
            "id": "proxmox/qemu/119",
            "ipconfig0": "ip=192.168.70.70/24,gw=192.168.70.1",
            "ipconfig1": "ip=10.10.60.70/24",
            "ipconfig10": null,
            "ipconfig11": null,
            "ipconfig12": null,
            "ipconfig13": null,
            "ipconfig14": null,
            "ipconfig15": null,
            "ipconfig2": "ip=10.10.70.70/24",
            "ipconfig3": null,
            "ipconfig4": null,
            "ipconfig5": null,
            "ipconfig6": null,
            "ipconfig7": null,
            "ipconfig8": null,
            "ipconfig9": null,
            "kvm": true,
            "linked_vmid": 0,
            "machine": "",
            "memory": 2048,
            "name": "lab06-ha-node1",
            "nameserver": "8.8.8.8",
            "network": [
              {
                "bridge": "vmbr0",
                "firewall": false,
                "id": 0,
                "link_down": false,
                "macaddr": "bc:24:11:42:4e:89",
                "model": "virtio",
                "mtu": 0,
                "queues": 0,
                "rate": 0,
                "tag": 0
              },
              {
                "bridge": "vmbr6",
                "firewall": false,
                "id": 1,
                "link_down": false,
                "macaddr": "bc:24:11:14:64:e9",
                "model": "virtio",
                "mtu": 0,
                "queues": 0,
                "rate": 0,
                "tag": 0
              },
              {
                "bridge": "vmbr7",
                "firewall": false,
                "id": 2,
                "link_down": false,
                "macaddr": "bc:24:11:1d:67:49",
                "model": "virtio",
                "mtu": 0,
                "queues": 0,
                "rate": 0,
                "tag": 0
              }
            ],
            "numa": false,
            "onboot": null,
            "os_network_config": null,
            "os_type": "cloud-init",
            "pci": [],
            "pcis": [],
            "pool": "",
            "protection": false,
            "pxe": null,
            "qemu_os": "l26",
            "reboot_required": false,
            "rng": [],
            "scsihw": "virtio-scsi-single",
            "searchdomain": "",
            "serial": [],
            "skip_ipv4": false,
            "skip_ipv6": false,
            "smbios": [
              {
                "family": "",
                "manufacturer": "",
                "product": "",
                "serial": "",
                "sku": "",
                "uuid": "4137e7b7-7d4e-49ac-a38e-f204f0359f11",
                "version": ""
              }
            ],
            "sockets": 0,
            "ssh_forward_ip": null,
            "ssh_host": "192.168.70.70",
            "ssh_port": "22",
            "ssh_private_key": null,
            "ssh_user": null,
            "sshkeys": "ssh-ed25519 AAAAC3NzaC1lZDI1NTE5AAAAIEwOGqPyDBruydkg1DPItwaBBwo5/5gAaBYeshgNFmlS maksim@maksim-asus-tuf\n",
            "start_at_node_boot": false,
            "startup": null,
            "startup_shutdown": [
              {
                "order": -1,
                "shutdown_timeout": -1,
                "startup_delay": -1
              }
            ],
            "tablet": true,
            "tags": "",
            "target_node": "proxmox",
            "target_nodes": null,
            "timeouts": null,
            "tpm_state": [],
            "unused_disk": [],
            "usb": [],
            "usbs": [],
            "vcpus": 0,
            "vga": [],
            "vm_state": "running",
            "vmid": 119
          },
          "sensitive_attributes": [
            [
              {
                "type": "get_attr",
                "value": "cipassword"
              }
            ],
            [
              {
                "type": "get_attr",
                "value": "ssh_private_key"
              }
            ]
          ],
          "identity_schema_version": 0,
          "private": "eyJlMmJmYjczMC1lY2FhLTExZTYtOGY4OC0zNDM2M2JjN2M0YzAiOnsiY3JlYXRlIjoxMjAwMDAwMDAwMDAwLCJkZWZhdWx0IjoxMjAwMDAwMDAwMDAwLCJkZWxldGUiOjEyMDAwMDAwMDAwMDAsInJlYWQiOjEyMDAwMDAwMDAwMDAsInVwZGF0ZSI6MTIwMDAwMDAwMDAwMH19"
        }
      ]
    },
    {
      "mode": "managed",
      "type": "proxmox_vm_qemu",
      "name": "lab06-ha-node2",
      "provider": "provider[\"registry.terraform.io/telmate/proxmox\"]",
      "instances": [
        {
          "schema_version": 0,
          "attributes": {
            "additional_wait": 5,
            "agent": 0,
            "agent_timeout": 90,
            "args": "",
            "automatic_reboot": true,
            "automatic_reboot_severity": "error",
            "balloon": 0,
            "bios": "seabios",
            "boot": "order=virtio0",
            "bootdisk": "",
            "ci_wait": null,
            "cicustom": null,
            "cipassword": "",
            "ciupgrade": false,
            "ciuser": "deploy",
            "clone": "Ubuntu2404-Template",
            "clone_id": null,
            "clone_wait": 10,
            "cores": 0,
            "cpu": [
              {
                "affinity": "",
                "cores": 2,
                "flags": [],
                "limit": 0,
                "numa": false,
                "sockets": 1,
                "type": "host",
                "units": 0,
                "vcores": 0
              }
            ],
            "cpu_type": "",
            "current_node": "proxmox",
            "default_ipv4_address": "192.168.70.71",
            "default_ipv6_address": "",
            "define_connection_info": true,
            "desc": null,
            "description": "lab06-ha-node2",
            "disk": [],
            "disks": [
              {
                "ide": [
                  {
                    "ide0": [],
                    "ide1": [],
                    "ide2": [],
                    "ide3": [
                      {
                        "cdrom": [],
                        "cloudinit": [
                          {
                            "storage": "vmdata2"
                          }
                        ],
                        "disk": [],
                        "ignore": false,
                        "passthrough": []
                      }
                    ]
                  }
                ],
                "sata": [],
                "scsi": [],
                "virtio": [
                  {
                    "virtio0": [
                      {
                        "cdrom": [],
                        "disk": [
                          {
                            "asyncio": "",
                            "backup": true,
                            "cache": "",
                            "discard": false,
                            "format": "raw",
                            "id": 0,
                            "iops_r_burst": 0,
                            "iops_r_burst_length": 0,
                            "iops_r_concurrent": 0,
                            "iops_wr_burst": 0,
                            "iops_wr_burst_length": 0,
                            "iops_wr_concurrent": 0,
                            "iothread": false,
                            "linked_disk_id": -1,
                            "mbps_r_burst": 0,
                            "mbps_r_concurrent": 0,
                            "mbps_wr_burst": 0,
                            "mbps_wr_concurrent": 0,
                            "readonly": false,
                            "replicate": true,
                            "serial": "",
                            "size": "10G",
                            "storage": "vmdata2",
                            "wwn": ""
                          }
                        ],
                        "ignore": false,
                        "passthrough": []
                      }
                    ],
                    "virtio1": [],
                    "virtio10": [],
                    "virtio11": [],
                    "virtio12": [],
                    "virtio13": [],
                    "virtio14": [],
                    "virtio15": [],
                    "virtio2": [],
                    "virtio3": [],
                    "virtio4": [],
                    "virtio5": [],
                    "virtio6": [],
                    "virtio7": [],
                    "virtio8": [],
                    "virtio9": []
                  }
                ]
              }
            ],
            "efidisk": [],
            "force_create": false,
            "force_recreate_on_change_of": null,
            "full_clone": true,
            "hagroup": "",
            "hastate": "",
            "hostpci": [],
            "hotplug": "network,disk,usb",
            "id": "proxmox/qemu/120",
            "ipconfig0": "ip=192.168.70.71/24,gw=192.168.70.1",
            "ipconfig1": "ip=10.10.60.71/24",
            "ipconfig10": null,
            "ipconfig11": null,
            "ipconfig12": null,
            "ipconfig13": null,
            "ipconfig14": null,
            "ipconfig15": null,
            "ipconfig2": "ip=10.10.70.71/24",
            "ipconfig3": null,
            "ipconfig4": null,
            "ipconfig5": null,
            "ipconfig6": null,
            "ipconfig7": null,
            "ipconfig8": null,
            "ipconfig9": null,
            "kvm": true,
            "linked_vmid": 0,
            "machine": "",
            "memory": 2048,
            "name": "lab06-ha-node2",
            "nameserver": "8.8.8.8",
            "network": [
              {
                "bridge": "vmbr0",
                "firewall": false,
                "id": 0,
                "link_down": false,
                "macaddr": "bc:24:11:2f:c9:94",
                "model": "virtio",
                "mtu": 0,
                "queues": 0,
                "rate": 0,
                "tag": 0
              },
              {
                "bridge": "vmbr6",
                "firewall": false,
                "id": 1,
                "link_down": false,
                "macaddr": "bc:24:11:96:25:4b",
                "model": "virtio",
                "mtu": 0,
                "queues": 0,
                "rate": 0,
                "tag": 0
              },
              {
                "bridge": "vmbr7",
                "firewall": false,
                "id": 2,
                "link_down": false,
                "macaddr": "bc:24:11:d3:1f:43",
                "model": "virtio",
                "mtu": 0,
                "queues": 0,
                "rate": 0,
                "tag": 0
              }
            ],
            "numa": false,
            "onboot": null,
            "os_network_config": null,
            "os_type": "cloud-init",
            "pci": [],
            "pcis": [],
            "pool": "",
            "protection": false,
            "pxe": null,
            "qemu_os": "l26",
            "reboot_required": false,
            "rng": [],
            "scsihw": "virtio-scsi-single",
            "searchdomain": "",
            "serial": [],
            "skip_ipv4": false,
            "skip_ipv6": false,
            "smbios": [
              {
                "family": "",
                "manufacturer": "",
                "product": "",
                "serial": "",
                "sku": "",
                "uuid": "258da5dd-80f1-4cd4-a3a1-c4705ee3ae58",
                "version": ""
              }
            ],
            "sockets": 0,
            "ssh_forward_ip": null,
            "ssh_host": "192.168.70.71",
            "ssh_port": "22",
            "ssh_private_key": null,
            "ssh_user": null,
            "sshkeys": "ssh-ed25519 AAAAC3NzaC1lZDI1NTE5AAAAIEwOGqPyDBruydkg1DPItwaBBwo5/5gAaBYeshgNFmlS maksim@maksim-asus-tuf\n",
            "start_at_node_boot": false,
            "startup": null,
            "startup_shutdown": [
              {
                "order": -1,
                "shutdown_timeout": -1,
                "startup_delay": -1
              }
            ],
            "tablet": true,
            "tags": "",
            "target_node": "proxmox",
            "target_nodes": null,
            "timeouts": null,
            "tpm_state": [],
            "unused_disk": [],
            "usb": [],
            "usbs": [],
            "vcpus": 0,
            "vga": [],
            "vm_state": "running",
            "vmid": 120
          },
          "sensitive_attributes": [
            [
              {
                "type": "get_attr",
                "value": "cipassword"
              }
            ],
            [
              {
                "type": "get_attr",
                "value": "ssh_private_key"
              }
            ]
          ],
          "identity_schema_version": 0,
          "private": "eyJlMmJmYjczMC1lY2FhLTExZTYtOGY4OC0zNDM2M2JjN2M0YzAiOnsiY3JlYXRlIjoxMjAwMDAwMDAwMDAwLCJkZWZhdWx0IjoxMjAwMDAwMDAwMDAwLCJkZWxldGUiOjEyMDAwMDAwMDAwMDAsInJlYWQiOjEyMDAwMDAwMDAwMDAsInVwZGF0ZSI6MTIwMDAwMDAwMDAwMH19"
        }
      ]
    },
    {
      "mode": "managed",
      "type": "proxmox_vm_qemu",
      "name": "lab06-pg-node1",
      "provider": "provider[\"registry.terraform.io/telmate/proxmox\"]",
      "instances": [
        {
          "schema_version": 0,
          "attributes": {
            "additional_wait": 5,
            "agent": 0,
            "agent_timeout": 90,
            "args": "",
            "automatic_reboot": true,
            "automatic_reboot_severity": "error",
            "balloon": 0,
            "bios": "seabios",
            "boot": "order=virtio0",
            "bootdisk": "",
            "ci_wait": null,
            "cicustom": null,
            "cipassword": "",
            "ciupgrade": false,
            "ciuser": "deploy",
            "clone": "Ubuntu2404-Template",
            "clone_id": null,
            "clone_wait": 10,
            "cores": 0,
            "cpu": [
              {
                "affinity": "",
                "cores": 2,
                "flags": [],
                "limit": 0,
                "numa": false,
                "sockets": 1,
                "type": "host",
                "units": 0,
                "vcores": 0
              }
            ],
            "cpu_type": "",
            "current_node": "proxmox",
            "default_ipv4_address": "192.168.70.72",
            "default_ipv6_address": "",
            "define_connection_info": true,
            "desc": null,
            "description": "lab06-pg-node1",
            "disk": [],
            "disks": [
              {
                "ide": [
                  {
                    "ide0": [],
                    "ide1": [],
                    "ide2": [],
                    "ide3": [
                      {
                        "cdrom": [],
                        "cloudinit": [
                          {
                            "storage": "vmdata2"
                          }
                        ],
                        "disk": [],
                        "ignore": false,
                        "passthrough": []
                      }
                    ]
                  }
                ],
                "sata": [],
                "scsi": [],
                "virtio": [
                  {
                    "virtio0": [
                      {
                        "cdrom": [],
                        "disk": [
                          {
                            "asyncio": "",
                            "backup": true,
                            "cache": "",
                            "discard": false,
                            "format": "raw",
                            "id": 0,
                            "iops_r_burst": 0,
                            "iops_r_burst_length": 0,
                            "iops_r_concurrent": 0,
                            "iops_wr_burst": 0,
                            "iops_wr_burst_length": 0,
                            "iops_wr_concurrent": 0,
                            "iothread": false,
                            "linked_disk_id": -1,
                            "mbps_r_burst": 0,
                            "mbps_r_concurrent": 0,
                            "mbps_wr_burst": 0,
                            "mbps_wr_concurrent": 0,
                            "readonly": false,
                            "replicate": true,
                            "serial": "",
                            "size": "10G",
                            "storage": "vmdata2",
                            "wwn": ""
                          }
                        ],
                        "ignore": false,
                        "passthrough": []
                      }
                    ],
                    "virtio1": [],
                    "virtio10": [],
                    "virtio11": [],
                    "virtio12": [],
                    "virtio13": [],
                    "virtio14": [],
                    "virtio15": [],
                    "virtio2": [],
                    "virtio3": [],
                    "virtio4": [],
                    "virtio5": [],
                    "virtio6": [],
                    "virtio7": [],
                    "virtio8": [],
                    "virtio9": []
                  }
                ]
              }
            ],
            "efidisk": [],
            "force_create": false,
            "force_recreate_on_change_of": null,
            "full_clone": true,
            "hagroup": "",
            "hastate": "",
            "hostpci": [],
            "hotplug": "network,disk,usb",
            "id": "proxmox/qemu/116",
            "ipconfig0": "ip=192.168.70.72/24,gw=192.168.70.1",
            "ipconfig1": "ip=10.10.70.72/24",
            "ipconfig10": null,
            "ipconfig11": null,
            "ipconfig12": null,
            "ipconfig13": null,
            "ipconfig14": null,
            "ipconfig15": null,
            "ipconfig2": null,
            "ipconfig3": null,
            "ipconfig4": null,
            "ipconfig5": null,
            "ipconfig6": null,
            "ipconfig7": null,
            "ipconfig8": null,
            "ipconfig9": null,
            "kvm": true,
            "linked_vmid": 0,
            "machine": "",
            "memory": 2048,
            "name": "lab06-pg-node1",
            "nameserver": "8.8.8.8",
            "network": [
              {
                "bridge": "vmbr0",
                "firewall": false,
                "id": 0,
                "link_down": false,
                "macaddr": "bc:24:11:5c:98:b9",
                "model": "virtio",
                "mtu": 0,
                "queues": 0,
                "rate": 0,
                "tag": 0
              },
              {
                "bridge": "vmbr7",
                "firewall": false,
                "id": 1,
                "link_down": false,
                "macaddr": "bc:24:11:35:98:62",
                "model": "virtio",
                "mtu": 0,
                "queues": 0,
                "rate": 0,
                "tag": 0
              }
            ],
            "numa": false,
            "onboot": null,
            "os_network_config": null,
            "os_type": "cloud-init",
            "pci": [],
            "pcis": [],
            "pool": "",
            "protection": false,
            "pxe": null,
            "qemu_os": "l26",
            "reboot_required": false,
            "rng": [],
            "scsihw": "virtio-scsi-single",
            "searchdomain": "",
            "serial": [],
            "skip_ipv4": false,
            "skip_ipv6": false,
            "smbios": [
              {
                "family": "",
                "manufacturer": "",
                "product": "",
                "serial": "",
                "sku": "",
                "uuid": "7e6423ac-fc8c-42b9-ae4a-50386787ed46",
                "version": ""
              }
            ],
            "sockets": 0,
            "ssh_forward_ip": null,
            "ssh_host": "192.168.70.72",
            "ssh_port": "22",
            "ssh_private_key": null,
            "ssh_user": null,
            "sshkeys": "ssh-ed25519 AAAAC3NzaC1lZDI1NTE5AAAAIEwOGqPyDBruydkg1DPItwaBBwo5/5gAaBYeshgNFmlS maksim@maksim-asus-tuf\n",
            "start_at_node_boot": false,
            "startup": null,
            "startup_shutdown": [
              {
                "order": -1,
                "shutdown_timeout": -1,
                "startup_delay": -1
              }
            ],
            "tablet": true,
            "tags": "",
            "target_node": "proxmox",
            "target_nodes": null,
            "timeouts": null,
            "tpm_state": [],
            "unused_disk": [],
            "usb": [],
            "usbs": [],
            "vcpus": 0,
            "vga": [],
            "vm_state": "running",
            "vmid": 116
          },
          "sensitive_attributes": [
            [
              {
                "type": "get_attr",
                "value": "cipassword"
              }
            ],
            [
              {
                "type": "get_attr",
                "value": "ssh_private_key"
              }
            ]
          ],
          "identity_schema_version": 0,
          "private": "eyJlMmJmYjczMC1lY2FhLTExZTYtOGY4OC0zNDM2M2JjN2M0YzAiOnsiY3JlYXRlIjoxMjAwMDAwMDAwMDAwLCJkZWZhdWx0IjoxMjAwMDAwMDAwMDAwLCJkZWxldGUiOjEyMDAwMDAwMDAwMDAsInJlYWQiOjEyMDAwMDAwMDAwMDAsInVwZGF0ZSI6MTIwMDAwMDAwMDAwMH19"
        }
      ]
    },
    {
      "mode": "managed",
      "type": "proxmox_vm_qemu",
      "name": "lab06-pg-node2",
      "provider": "provider[\"registry.terraform.io/telmate/proxmox\"]",
      "instances": [
        {
          "schema_version": 0,
          "attributes": {
            "additional_wait": 5,
            "agent": 0,
            "agent_timeout": 90,
            "args": "",
            "automatic_reboot": true,
            "automatic_reboot_severity": "error",
            "balloon": 0,
            "bios": "seabios",
            "boot": "order=virtio0",
            "bootdisk": "",
            "ci_wait": null,
            "cicustom": null,
            "cipassword": "",
            "ciupgrade": false,
            "ciuser": "deploy",
            "clone": "Ubuntu2404-Template",
            "clone_id": null,
            "clone_wait": 10,
            "cores": 0,
            "cpu": [
              {
                "affinity": "",
                "cores": 2,
                "flags": [],
                "limit": 0,
                "numa": false,
                "sockets": 1,
                "type": "host",
                "units": 0,
                "vcores": 0
              }
            ],
            "cpu_type": "",
            "current_node": "proxmox",
            "default_ipv4_address": "192.168.70.73",
            "default_ipv6_address": "",
            "define_connection_info": true,
            "desc": null,
            "description": "lab06-pg-node2",
            "disk": [],
            "disks": [
              {
                "ide": [
                  {
                    "ide0": [],
                    "ide1": [],
                    "ide2": [],
                    "ide3": [
                      {
                        "cdrom": [],
                        "cloudinit": [
                          {
                            "storage": "vmdata2"
                          }
                        ],
                        "disk": [],
                        "ignore": false,
                        "passthrough": []
                      }
                    ]
                  }
                ],
                "sata": [],
                "scsi": [],
                "virtio": [
                  {
                    "virtio0": [
                      {
                        "cdrom": [],
                        "disk": [
                          {
                            "asyncio": "",
                            "backup": true,
                            "cache": "",
                            "discard": false,
                            "format": "raw",
                            "id": 0,
                            "iops_r_burst": 0,
                            "iops_r_burst_length": 0,
                            "iops_r_concurrent": 0,
                            "iops_wr_burst": 0,
                            "iops_wr_burst_length": 0,
                            "iops_wr_concurrent": 0,
                            "iothread": false,
                            "linked_disk_id": -1,
                            "mbps_r_burst": 0,
                            "mbps_r_concurrent": 0,
                            "mbps_wr_burst": 0,
                            "mbps_wr_concurrent": 0,
                            "readonly": false,
                            "replicate": true,
                            "serial": "",
                            "size": "10G",
                            "storage": "vmdata2",
                            "wwn": ""
                          }
                        ],
                        "ignore": false,
                        "passthrough": []
                      }
                    ],
                    "virtio1": [],
                    "virtio10": [],
                    "virtio11": [],
                    "virtio12": [],
                    "virtio13": [],
                    "virtio14": [],
                    "virtio15": [],
                    "virtio2": [],
                    "virtio3": [],
                    "virtio4": [],
                    "virtio5": [],
                    "virtio6": [],
                    "virtio7": [],
                    "virtio8": [],
                    "virtio9": []
                  }
                ]
              }
            ],
            "efidisk": [],
            "force_create": false,
            "force_recreate_on_change_of": null,
            "full_clone": true,
            "hagroup": "",
            "hastate": "",
            "hostpci": [],
            "hotplug": "network,disk,usb",
            "id": "proxmox/qemu/117",
            "ipconfig0": "ip=192.168.70.73/24,gw=192.168.70.1",
            "ipconfig1": "ip=10.10.70.73/24",
            "ipconfig10": null,
            "ipconfig11": null,
            "ipconfig12": null,
            "ipconfig13": null,
            "ipconfig14": null,
            "ipconfig15": null,
            "ipconfig2": null,
            "ipconfig3": null,
            "ipconfig4": null,
            "ipconfig5": null,
            "ipconfig6": null,
            "ipconfig7": null,
            "ipconfig8": null,
            "ipconfig9": null,
            "kvm": true,
            "linked_vmid": 0,
            "machine": "",
            "memory": 2048,
            "name": "lab06-pg-node2",
            "nameserver": "8.8.8.8",
            "network": [
              {
                "bridge": "vmbr0",
                "firewall": false,
                "id": 0,
                "link_down": false,
                "macaddr": "bc:24:11:5d:fa:6f",
                "model": "virtio",
                "mtu": 0,
                "queues": 0,
                "rate": 0,
                "tag": 0
              },
              {
                "bridge": "vmbr7",
                "firewall": false,
                "id": 1,
                "link_down": false,
                "macaddr": "bc:24:11:9d:9c:2c",
                "model": "virtio",
                "mtu": 0,
                "queues": 0,
                "rate": 0,
                "tag": 0
              }
            ],
            "numa": false,
            "onboot": null,
            "os_network_config": null,
            "os_type": "cloud-init",
            "pci": [],
            "pcis": [],
            "pool": "",
            "protection": false,
            "pxe": null,
            "qemu_os": "l26",
            "reboot_required": false,
            "rng": [],
            "scsihw": "virtio-scsi-single",
            "searchdomain": "",
            "serial": [],
            "skip_ipv4": false,
            "skip_ipv6": false,
            "smbios": [
              {
                "family": "",
                "manufacturer": "",
                "product": "",
                "serial": "",
                "sku": "",
                "uuid": "4f1dfb8a-f651-43af-9c35-78f70eda2ce9",
                "version": ""
              }
            ],
            "sockets": 0,
            "ssh_forward_ip": null,
            "ssh_host": "192.168.70.73",
            "ssh_port": "22",
            "ssh_private_key": null,
            "ssh_user": null,
            "sshkeys": "ssh-ed25519 AAAAC3NzaC1lZDI1NTE5AAAAIEwOGqPyDBruydkg1DPItwaBBwo5/5gAaBYeshgNFmlS maksim@maksim-asus-tuf\n",
            "start_at_node_boot": false,
            "startup": null,
            "startup_shutdown": [
              {
                "order": -1,
                "shutdown_timeout": -1,
                "startup_delay": -1
              }
            ],
            "tablet": true,
            "tags": "",
            "target_node": "proxmox",
            "target_nodes": null,
            "timeouts": null,
            "tpm_state": [],
            "unused_disk": [],
            "usb": [],
            "usbs": [],
            "vcpus": 0,
            "vga": [],
            "vm_state": "running",
            "vmid": 117
          },
          "sensitive_attributes": [
            [
              {
                "type": "get_attr",
                "value": "cipassword"
              }
            ],
            [
              {
                "type": "get_attr",
                "value": "ssh_private_key"
              }
            ]
          ],
          "identity_schema_version": 0,
          "private": "eyJlMmJmYjczMC1lY2FhLTExZTYtOGY4OC0zNDM2M2JjN2M0YzAiOnsiY3JlYXRlIjoxMjAwMDAwMDAwMDAwLCJkZWZhdWx0IjoxMjAwMDAwMDAwMDAwLCJkZWxldGUiOjEyMDAwMDAwMDAwMDAsInJlYWQiOjEyMDAwMDAwMDAwMDAsInVwZGF0ZSI6MTIwMDAwMDAwMDAwMH19"
        }
      ]
    },
    {
      "mode": "managed",
      "type": "proxmox_vm_qemu",
      "name": "lab06-pg-node3",
      "provider": "provider[\"registry.terraform.io/telmate/proxmox\"]",
      "instances": [
        {
          "schema_version": 0,
          "attributes": {
            "additional_wait": 5,
            "agent": 0,
            "agent_timeout": 90,
            "args": "",
            "automatic_reboot": true,
            "automatic_reboot_severity": "error",
            "balloon": 0,
            "bios": "seabios",
            "boot": "order=virtio0",
            "bootdisk": "",
            "ci_wait": null,
            "cicustom": null,
            "cipassword": "",
            "ciupgrade": false,
            "ciuser": "deploy",
            "clone": "Ubuntu2404-Template",
            "clone_id": null,
            "clone_wait": 10,
            "cores": 0,
            "cpu": [
              {
                "affinity": "",
                "cores": 2,
                "flags": [],
                "limit": 0,
                "numa": false,
                "sockets": 1,
                "type": "host",
                "units": 0,
                "vcores": 0
              }
            ],
            "cpu_type": "",
            "current_node": "proxmox",
            "default_ipv4_address": "192.168.70.74",
            "default_ipv6_address": "",
            "define_connection_info": true,
            "desc": null,
            "description": "lab06-pg-node3",
            "disk": [],
            "disks": [
              {
                "ide": [
                  {
                    "ide0": [],
                    "ide1": [],
                    "ide2": [],
                    "ide3": [
                      {
                        "cdrom": [],
                        "cloudinit": [
                          {
                            "storage": "vmdata2"
                          }
                        ],
                        "disk": [],
                        "ignore": false,
                        "passthrough": []
                      }
                    ]
                  }
                ],
                "sata": [],
                "scsi": [],
                "virtio": [
                  {
                    "virtio0": [
                      {
                        "cdrom": [],
                        "disk": [
                          {
                            "asyncio": "",
                            "backup": true,
                            "cache": "",
                            "discard": false,
                            "format": "raw",
                            "id": 0,
                            "iops_r_burst": 0,
                            "iops_r_burst_length": 0,
                            "iops_r_concurrent": 0,
                            "iops_wr_burst": 0,
                            "iops_wr_burst_length": 0,
                            "iops_wr_concurrent": 0,
                            "iothread": false,
                            "linked_disk_id": -1,
                            "mbps_r_burst": 0,
                            "mbps_r_concurrent": 0,
                            "mbps_wr_burst": 0,
                            "mbps_wr_concurrent": 0,
                            "readonly": false,
                            "replicate": true,
                            "serial": "",
                            "size": "10G",
                            "storage": "vmdata2",
                            "wwn": ""
                          }
                        ],
                        "ignore": false,
                        "passthrough": []
                      }
                    ],
                    "virtio1": [],
                    "virtio10": [],
                    "virtio11": [],
                    "virtio12": [],
                    "virtio13": [],
                    "virtio14": [],
                    "virtio15": [],
                    "virtio2": [],
                    "virtio3": [],
                    "virtio4": [],
                    "virtio5": [],
                    "virtio6": [],
                    "virtio7": [],
                    "virtio8": [],
                    "virtio9": []
                  }
                ]
              }
            ],
            "efidisk": [],
            "force_create": false,
            "force_recreate_on_change_of": null,
            "full_clone": true,
            "hagroup": "",
            "hastate": "",
            "hostpci": [],
            "hotplug": "network,disk,usb",
            "id": "proxmox/qemu/118",
            "ipconfig0": "ip=192.168.70.74/24,gw=192.168.70.1",
            "ipconfig1": "ip=10.10.70.74/24",
            "ipconfig10": null,
            "ipconfig11": null,
            "ipconfig12": null,
            "ipconfig13": null,
            "ipconfig14": null,
            "ipconfig15": null,
            "ipconfig2": null,
            "ipconfig3": null,
            "ipconfig4": null,
            "ipconfig5": null,
            "ipconfig6": null,
            "ipconfig7": null,
            "ipconfig8": null,
            "ipconfig9": null,
            "kvm": true,
            "linked_vmid": 0,
            "machine": "",
            "memory": 2048,
            "name": "lab06-pg-node3",
            "nameserver": "8.8.8.8",
            "network": [
              {
                "bridge": "vmbr0",
                "firewall": false,
                "id": 0,
                "link_down": false,
                "macaddr": "bc:24:11:c4:b6:9f",
                "model": "virtio",
                "mtu": 0,
                "queues": 0,
                "rate": 0,
                "tag": 0
              },
              {
                "bridge": "vmbr7",
                "firewall": false,
                "id": 1,
                "link_down": false,
                "macaddr": "bc:24:11:a0:22:54",
                "model": "virtio",
                "mtu": 0,
                "queues": 0,
                "rate": 0,
                "tag": 0
              }
            ],
            "numa": false,
            "onboot": null,
            "os_network_config": null,
            "os_type": "cloud-init",
            "pci": [],
            "pcis": [],
            "pool": "",
            "protection": false,
            "pxe": null,
            "qemu_os": "l26",
            "reboot_required": false,
            "rng": [],
            "scsihw": "virtio-scsi-single",
            "searchdomain": "",
            "serial": [],
            "skip_ipv4": false,
            "skip_ipv6": false,
            "smbios": [
              {
                "family": "",
                "manufacturer": "",
                "product": "",
                "serial": "",
                "sku": "",
                "uuid": "026e95aa-bf1c-482c-a23b-aaf873b2a54b",
                "version": ""
              }
            ],
            "sockets": 0,
            "ssh_forward_ip": null,
            "ssh_host": "192.168.70.74",
            "ssh_port": "22",
            "ssh_private_key": null,
            "ssh_user": null,
            "sshkeys": "ssh-ed25519 AAAAC3NzaC1lZDI1NTE5AAAAIEwOGqPyDBruydkg1DPItwaBBwo5/5gAaBYeshgNFmlS maksim@maksim-asus-tuf\n",
            "start_at_node_boot": false,
            "startup": null,
            "startup_shutdown": [
              {
                "order": -1,
                "shutdown_timeout": -1,
                "startup_delay": -1
              }
            ],
            "tablet": true,
            "tags": "",
            "target_node": "proxmox",
            "target_nodes": null,
            "timeouts": null,
            "tpm_state": [],
            "unused_disk": [],
            "usb": [],
            "usbs": [],
            "vcpus": 0,
            "vga": [],
            "vm_state": "running",
            "vmid": 118
          },
          "sensitive_attributes": [
            [
              {
                "type": "get_attr",
                "value": "cipassword"
              }
            ],
            [
              {
                "type": "get_attr",
                "value": "ssh_private_key"
              }
            ]
          ],
          "identity_schema_version": 0,
          "private": "eyJlMmJmYjczMC1lY2FhLTExZTYtOGY4OC0zNDM2M2JjN2M0YzAiOnsiY3JlYXRlIjoxMjAwMDAwMDAwMDAwLCJkZWZhdWx0IjoxMjAwMDAwMDAwMDAwLCJkZWxldGUiOjEyMDAwMDAwMDAwMDAsInJlYWQiOjEyMDAwMDAwMDAwMDAsInVwZGF0ZSI6MTIwMDAwMDAwMDAwMH19"
        }
      ]
    }
  ],
  "check_results": null
}
